
Microsoft Visual Studio Solution File, Format Version 12.00
# Visual Studio Version 16
VisualStudioVersion = 16.0.31112.23
MinimumVisualStudioVersion = 10.0.40219.1
Project("{8BC9CEB8-8B4A-11D0-8D11-00A0C91BC942}") = "KIM_1", "KIM_1\KIM_1.vcxproj", "{424828F1-74F2-4563-8B01-93CF0A108A4B}"
EndProject
Global
	GlobalSection(SolutionConfigurationPlatforms) = preSolution
		Debug|x64 = Debug|x64
		Debug|x86 = Debug|x86
		Release|x64 = Release|x64
		Release|x86 = Release|x86
	EndGlobalSection
	GlobalSection(ProjectConfigurationPlatforms) = postSolution
		{424828F1-74F2-4563-8B01-93CF0A108A4B}.Debug|x64.ActiveCfg = Debug|x64
		{424828F1-74F2-4563-8B01-93CF0A108A4B}.Debug|x64.Build.0 = Debug|x64
		{424828F1-74F2-4563-8B01-93CF0A108A4B}.Debug|x86.ActiveCfg = Debug|Win32
		{424828F1-74F2-4563-8B01-93CF0A108A4B}.Debug|x86.Build.0 = Debug|Win32
		{424828F1-74F2-4563-8B01-93CF0A108A4B}.Release|x64.ActiveCfg = Release|x64
		{424828F1-74F2-4563-8B01-93CF0A108A4B}.Release|x64.Build.0 = Release|x64
		{424828F1-74F2-4563-8B01-93CF0A108A4B}.Release|x86.ActiveCfg = Release|Win32
		{424828F1-74F2-4563-8B01-93CF0A108A4B}.Release|x86.Build.0 = Release|Win32
	EndGlobalSection
	GlobalSection(SolutionProperties) = preSolution
		HideSolutionNode = FALSE
	EndGlobalSection
	GlobalSection(ExtensibilityGlobals) = postSolution
		SolutionGuid = {43E94856-7BB5-42A2-BE63-CF333F279962}
	EndGlobalSection
EndGlobal
